// !$*UTF8*$!
{
	archiveVersion = 1;
	classes = {
	};
	objectVersion = 46;
	objects = {

/* Begin PBXBuildFile section */
		0273BD271EB6789F006673DF /* StartViewController.swift in Sources */ = {isa = PBXBuildFile; fileRef = 0273BD261EB6789F006673DF /* StartViewController.swift */; };
		02F7F97E1EA5900A00BC82FA /* AppDelegate.swift in Sources */ = {isa = PBXBuildFile; fileRef = 02F7F97D1EA5900A00BC82FA /* AppDelegate.swift */; };
		02F7F9801EA5900A00BC82FA /* ViewController.swift in Sources */ = {isa = PBXBuildFile; fileRef = 02F7F97F1EA5900A00BC82FA /* ViewController.swift */; };
		02F7F9831EA5900A00BC82FA /* Main.storyboard in Resources */ = {isa = PBXBuildFile; fileRef = 02F7F9811EA5900A00BC82FA /* Main.storyboard */; };
		02F7F9851EA5900A00BC82FA /* Assets.xcassets in Resources */ = {isa = PBXBuildFile; fileRef = 02F7F9841EA5900A00BC82FA /* Assets.xcassets */; };
		02F7F9881EA5900A00BC82FA /* LaunchScreen.storyboard in Resources */ = {isa = PBXBuildFile; fileRef = 02F7F9861EA5900A00BC82FA /* LaunchScreen.storyboard */; };
		02F7F9931EA5900A00BC82FA /* LiveStreamTests.swift in Sources */ = {isa = PBXBuildFile; fileRef = 02F7F9921EA5900A00BC82FA /* LiveStreamTests.swift */; };
		02F7F99E1EA5900A00BC82FA /* LiveStreamUITests.swift in Sources */ = {isa = PBXBuildFile; fileRef = 02F7F99D1EA5900A00BC82FA /* LiveStreamUITests.swift */; };
		02F7F9B11EA590BB00BC82FA /* libz.tbd in Frameworks */ = {isa = PBXBuildFile; fileRef = 02F7F9B01EA590BB00BC82FA /* libz.tbd */; };
		02F7F9B31EA590C900BC82FA /* libc++.tbd in Frameworks */ = {isa = PBXBuildFile; fileRef = 02F7F9B21EA590C900BC82FA /* libc++.tbd */; };
		02F7F9B51EA590D300BC82FA /* AudioToolbox.framework in Frameworks */ = {isa = PBXBuildFile; fileRef = 02F7F9B41EA590D300BC82FA /* AudioToolbox.framework */; };
		02F7F9B71EA590DB00BC82FA /* AVFoundation.framework in Frameworks */ = {isa = PBXBuildFile; fileRef = 02F7F9B61EA590DB00BC82FA /* AVFoundation.framework */; };
		02F7F9B91EA590E600BC82FA /* CoreGraphics.framework in Frameworks */ = {isa = PBXBuildFile; fileRef = 02F7F9B81EA590E600BC82FA /* CoreGraphics.framework */; };
		02F7F9BB1EA590EE00BC82FA /* CoreLocation.framework in Frameworks */ = {isa = PBXBuildFile; fileRef = 02F7F9BA1EA590EE00BC82FA /* CoreLocation.framework */; };
		02F7F9BD1EA590F600BC82FA /* CoreMedia.framework in Frameworks */ = {isa = PBXBuildFile; fileRef = 02F7F9BC1EA590F600BC82FA /* CoreMedia.framework */; };
		02F7F9BF1EA590FE00BC82FA /* CoreVideo.framework in Frameworks */ = {isa = PBXBuildFile; fileRef = 02F7F9BE1EA590FE00BC82FA /* CoreVideo.framework */; };
		02F7F9C11EA5910600BC82FA /* Foundation.framework in Frameworks */ = {isa = PBXBuildFile; fileRef = 02F7F9C01EA5910600BC82FA /* Foundation.framework */; };
		02F7F9C31EA5911100BC82FA /* QuartzCore.framework in Frameworks */ = {isa = PBXBuildFile; fileRef = 02F7F9C21EA5911100BC82FA /* QuartzCore.framework */; };
		02F7F9C51EA5911A00BC82FA /* SystemConfiguration.framework in Frameworks */ = {isa = PBXBuildFile; fileRef = 02F7F9C41EA5911A00BC82FA /* SystemConfiguration.framework */; };
		02F7F9C71EA5912300BC82FA /* UIKit.framework in Frameworks */ = {isa = PBXBuildFile; fileRef = 02F7F9C61EA5912300BC82FA /* UIKit.framework */; };
		02F7F9C91EA5912B00BC82FA /* VideoToolbox.framework in Frameworks */ = {isa = PBXBuildFile; fileRef = 02F7F9C81EA5912B00BC82FA /* VideoToolbox.framework */; };
		02F7F9D41EA5919600BC82FA /* libbambuser.a in Frameworks */ = {isa = PBXBuildFile; fileRef = 02F7F9D21EA5919600BC82FA /* libbambuser.a */; };
		02F7F9D51EA5919600BC82FA /* libbambuserplayer.a in Frameworks */ = {isa = PBXBuildFile; fileRef = 02F7F9D31EA5919600BC82FA /* libbambuserplayer.a */; };
		24707E734FE01DDEF1DEBF22 /* Pods_LiveStreamTests.framework in Frameworks */ = {isa = PBXBuildFile; fileRef = 1CF7076600013243F1BD6EA6 /* Pods_LiveStreamTests.framework */; };
		7EA7128D46BEDBA1C3D5D28A /* Pods_LiveStreamUITests.framework in Frameworks */ = {isa = PBXBuildFile; fileRef = E342CA64451DF8926F73B038 /* Pods_LiveStreamUITests.framework */; };
		A9EA0E07FCB242F278B5D255 /* Pods_LiveStream.framework in Frameworks */ = {isa = PBXBuildFile; fileRef = 8E8A25571CDE249D831BE232 /* Pods_LiveStream.framework */; };
		BE112E421EB69FC000861BAE /* RegisterViewController.swift in Sources */ = {isa = PBXBuildFile; fileRef = BE112E411EB69FC000861BAE /* RegisterViewController.swift */; };
		BE112E441EB6A1D800861BAE /* GoogleService-Info.plist in Resources */ = {isa = PBXBuildFile; fileRef = BE112E431EB6A1D800861BAE /* GoogleService-Info.plist */; };
		BE112E451EB6A1D800861BAE /* GoogleService-Info.plist in Resources */ = {isa = PBXBuildFile; fileRef = BE112E431EB6A1D800861BAE /* GoogleService-Info.plist */; };
		BE112E461EB6A1D800861BAE /* GoogleService-Info.plist in Resources */ = {isa = PBXBuildFile; fileRef = BE112E431EB6A1D800861BAE /* GoogleService-Info.plist */; };
		BE2569551EC2C0F400A05C17 /* PlayViewController.swift in Sources */ = {isa = PBXBuildFile; fileRef = BE2569541EC2C0F400A05C17 /* PlayViewController.swift */; };
		BE6653AC1EB6AC7E00C78E0C /* LoginViewController.swift in Sources */ = {isa = PBXBuildFile; fileRef = BE6653AB1EB6AC7E00C78E0C /* LoginViewController.swift */; };
		BE6653AE1EB6AD6900C78E0C /* ForgotPasswordViewController.swift in Sources */ = {isa = PBXBuildFile; fileRef = BE6653AD1EB6AD6900C78E0C /* ForgotPasswordViewController.swift */; };
		BE6653B21EB6CE4500C78E0C /* MyriadPro-Semibold.otf in Resources */ = {isa = PBXBuildFile; fileRef = BE6653B11EB6CE4500C78E0C /* MyriadPro-Semibold.otf */; };
		BE6653B61EB6EC0200C78E0C /* MenuTableViewController.swift in Sources */ = {isa = PBXBuildFile; fileRef = BE6653B51EB6EC0200C78E0C /* MenuTableViewController.swift */; };
		BE6653BA1EB6EC5F00C78E0C /* SWRevealViewController.m in Sources */ = {isa = PBXBuildFile; fileRef = BE6653B91EB6EC5F00C78E0C /* SWRevealViewController.m */; };
		BE6653BD1EB6EE5300C78E0C /* WatchViewController.swift in Sources */ = {isa = PBXBuildFile; fileRef = BE6653BC1EB6EE5300C78E0C /* WatchViewController.swift */; };
		BE6653C11EB77C7B00C78E0C /* ProfileCell.swift in Sources */ = {isa = PBXBuildFile; fileRef = BE6653C01EB77C7A00C78E0C /* ProfileCell.swift */; };
		BE6653C31EB7A76300C78E0C /* LogoutTableViewCell.swift in Sources */ = {isa = PBXBuildFile; fileRef = BE6653C21EB7A76300C78E0C /* LogoutTableViewCell.swift */; };
		BE6653C51EB7D9C300C78E0C /* AccountViewController.swift in Sources */ = {isa = PBXBuildFile; fileRef = BE6653C41EB7D9C300C78E0C /* AccountViewController.swift */; };
/* End PBXBuildFile section */

/* Begin PBXContainerItemProxy section */
		02F7F98F1EA5900A00BC82FA /* PBXContainerItemProxy */ = {
			isa = PBXContainerItemProxy;
			containerPortal = 02F7F9721EA5900A00BC82FA /* Project object */;
			proxyType = 1;
			remoteGlobalIDString = 02F7F9791EA5900A00BC82FA;
			remoteInfo = LiveStream;
		};
		02F7F99A1EA5900A00BC82FA /* PBXContainerItemProxy */ = {
			isa = PBXContainerItemProxy;
			containerPortal = 02F7F9721EA5900A00BC82FA /* Project object */;
			proxyType = 1;
			remoteGlobalIDString = 02F7F9791EA5900A00BC82FA;
			remoteInfo = LiveStream;
		};
/* End PBXContainerItemProxy section */

/* Begin PBXFileReference section */
		0273BD261EB6789F006673DF /* StartViewController.swift */ = {isa = PBXFileReference; fileEncoding = 4; lastKnownFileType = sourcecode.swift; path = StartViewController.swift; sourceTree = "<group>"; };
		0273BD281EB686E2006673DF /* Livestream-Bridging-Header.h */ = {isa = PBXFileReference; lastKnownFileType = sourcecode.c.h; path = "Livestream-Bridging-Header.h"; sourceTree = "<group>"; };
		02F7F97A1EA5900A00BC82FA /* LiveStream.app */ = {isa = PBXFileReference; explicitFileType = wrapper.application; includeInIndex = 0; path = LiveStream.app; sourceTree = BUILT_PRODUCTS_DIR; };
		02F7F97D1EA5900A00BC82FA /* AppDelegate.swift */ = {isa = PBXFileReference; lastKnownFileType = sourcecode.swift; path = AppDelegate.swift; sourceTree = "<group>"; };
		02F7F97F1EA5900A00BC82FA /* ViewController.swift */ = {isa = PBXFileReference; lastKnownFileType = sourcecode.swift; path = ViewController.swift; sourceTree = "<group>"; };
		02F7F9821EA5900A00BC82FA /* Base */ = {isa = PBXFileReference; lastKnownFileType = file.storyboard; name = Base; path = Base.lproj/Main.storyboard; sourceTree = "<group>"; };
		02F7F9841EA5900A00BC82FA /* Assets.xcassets */ = {isa = PBXFileReference; lastKnownFileType = folder.assetcatalog; path = Assets.xcassets; sourceTree = "<group>"; };
		02F7F9871EA5900A00BC82FA /* Base */ = {isa = PBXFileReference; lastKnownFileType = file.storyboard; name = Base; path = Base.lproj/LaunchScreen.storyboard; sourceTree = "<group>"; };
		02F7F9891EA5900A00BC82FA /* Info.plist */ = {isa = PBXFileReference; lastKnownFileType = text.plist.xml; path = Info.plist; sourceTree = "<group>"; };
		02F7F98E1EA5900A00BC82FA /* LiveStreamTests.xctest */ = {isa = PBXFileReference; explicitFileType = wrapper.cfbundle; includeInIndex = 0; path = LiveStreamTests.xctest; sourceTree = BUILT_PRODUCTS_DIR; };
		02F7F9921EA5900A00BC82FA /* LiveStreamTests.swift */ = {isa = PBXFileReference; lastKnownFileType = sourcecode.swift; path = LiveStreamTests.swift; sourceTree = "<group>"; };
		02F7F9941EA5900A00BC82FA /* Info.plist */ = {isa = PBXFileReference; lastKnownFileType = text.plist.xml; path = Info.plist; sourceTree = "<group>"; };
		02F7F9991EA5900A00BC82FA /* LiveStreamUITests.xctest */ = {isa = PBXFileReference; explicitFileType = wrapper.cfbundle; includeInIndex = 0; path = LiveStreamUITests.xctest; sourceTree = BUILT_PRODUCTS_DIR; };
		02F7F99D1EA5900A00BC82FA /* LiveStreamUITests.swift */ = {isa = PBXFileReference; lastKnownFileType = sourcecode.swift; path = LiveStreamUITests.swift; sourceTree = "<group>"; };
		02F7F99F1EA5900A00BC82FA /* Info.plist */ = {isa = PBXFileReference; lastKnownFileType = text.plist.xml; path = Info.plist; sourceTree = "<group>"; };
		02F7F9B01EA590BB00BC82FA /* libz.tbd */ = {isa = PBXFileReference; lastKnownFileType = "sourcecode.text-based-dylib-definition"; name = libz.tbd; path = usr/lib/libz.tbd; sourceTree = SDKROOT; };
		02F7F9B21EA590C900BC82FA /* libc++.tbd */ = {isa = PBXFileReference; lastKnownFileType = "sourcecode.text-based-dylib-definition"; name = "libc++.tbd"; path = "usr/lib/libc++.tbd"; sourceTree = SDKROOT; };
		02F7F9B41EA590D300BC82FA /* AudioToolbox.framework */ = {isa = PBXFileReference; lastKnownFileType = wrapper.framework; name = AudioToolbox.framework; path = System/Library/Frameworks/AudioToolbox.framework; sourceTree = SDKROOT; };
		02F7F9B61EA590DB00BC82FA /* AVFoundation.framework */ = {isa = PBXFileReference; lastKnownFileType = wrapper.framework; name = AVFoundation.framework; path = System/Library/Frameworks/AVFoundation.framework; sourceTree = SDKROOT; };
		02F7F9B81EA590E600BC82FA /* CoreGraphics.framework */ = {isa = PBXFileReference; lastKnownFileType = wrapper.framework; name = CoreGraphics.framework; path = System/Library/Frameworks/CoreGraphics.framework; sourceTree = SDKROOT; };
		02F7F9BA1EA590EE00BC82FA /* CoreLocation.framework */ = {isa = PBXFileReference; lastKnownFileType = wrapper.framework; name = CoreLocation.framework; path = System/Library/Frameworks/CoreLocation.framework; sourceTree = SDKROOT; };
		02F7F9BC1EA590F600BC82FA /* CoreMedia.framework */ = {isa = PBXFileReference; lastKnownFileType = wrapper.framework; name = CoreMedia.framework; path = System/Library/Frameworks/CoreMedia.framework; sourceTree = SDKROOT; };
		02F7F9BE1EA590FE00BC82FA /* CoreVideo.framework */ = {isa = PBXFileReference; lastKnownFileType = wrapper.framework; name = CoreVideo.framework; path = System/Library/Frameworks/CoreVideo.framework; sourceTree = SDKROOT; };
		02F7F9C01EA5910600BC82FA /* Foundation.framework */ = {isa = PBXFileReference; lastKnownFileType = wrapper.framework; name = Foundation.framework; path = System/Library/Frameworks/Foundation.framework; sourceTree = SDKROOT; };
		02F7F9C21EA5911100BC82FA /* QuartzCore.framework */ = {isa = PBXFileReference; lastKnownFileType = wrapper.framework; name = QuartzCore.framework; path = System/Library/Frameworks/QuartzCore.framework; sourceTree = SDKROOT; };
		02F7F9C41EA5911A00BC82FA /* SystemConfiguration.framework */ = {isa = PBXFileReference; lastKnownFileType = wrapper.framework; name = SystemConfiguration.framework; path = System/Library/Frameworks/SystemConfiguration.framework; sourceTree = SDKROOT; };
		02F7F9C61EA5912300BC82FA /* UIKit.framework */ = {isa = PBXFileReference; lastKnownFileType = wrapper.framework; name = UIKit.framework; path = System/Library/Frameworks/UIKit.framework; sourceTree = SDKROOT; };
		02F7F9C81EA5912B00BC82FA /* VideoToolbox.framework */ = {isa = PBXFileReference; lastKnownFileType = wrapper.framework; name = VideoToolbox.framework; path = System/Library/Frameworks/VideoToolbox.framework; sourceTree = SDKROOT; };
		02F7F9CC1EA5919600BC82FA /* BambuserConstants.h */ = {isa = PBXFileReference; fileEncoding = 4; lastKnownFileType = sourcecode.c.h; path = BambuserConstants.h; sourceTree = "<group>"; };
		02F7F9CD1EA5919600BC82FA /* BambuserViewDelegate.h */ = {isa = PBXFileReference; fileEncoding = 4; lastKnownFileType = sourcecode.c.h; path = BambuserViewDelegate.h; sourceTree = "<group>"; };
		02F7F9CE1EA5919600BC82FA /* libbambuser.h */ = {isa = PBXFileReference; fileEncoding = 4; lastKnownFileType = sourcecode.c.h; path = libbambuser.h; sourceTree = "<group>"; };
		02F7F9CF1EA5919600BC82FA /* libbambuserplayer-constants.h */ = {isa = PBXFileReference; fileEncoding = 4; lastKnownFileType = sourcecode.c.h; path = "libbambuserplayer-constants.h"; sourceTree = "<group>"; };
		02F7F9D01EA5919600BC82FA /* libbambuserplayer.h */ = {isa = PBXFileReference; fileEncoding = 4; lastKnownFileType = sourcecode.c.h; path = libbambuserplayer.h; sourceTree = "<group>"; };
		02F7F9D21EA5919600BC82FA /* libbambuser.a */ = {isa = PBXFileReference; lastKnownFileType = archive.ar; path = libbambuser.a; sourceTree = "<group>"; };
		02F7F9D31EA5919600BC82FA /* libbambuserplayer.a */ = {isa = PBXFileReference; lastKnownFileType = archive.ar; path = libbambuserplayer.a; sourceTree = "<group>"; };
		124885A103775338991497A1 /* Pods-LiveStreamTests.debug.xcconfig */ = {isa = PBXFileReference; includeInIndex = 1; lastKnownFileType = text.xcconfig; name = "Pods-LiveStreamTests.debug.xcconfig"; path = "Pods/Target Support Files/Pods-LiveStreamTests/Pods-LiveStreamTests.debug.xcconfig"; sourceTree = "<group>"; };
		1CF7076600013243F1BD6EA6 /* Pods_LiveStreamTests.framework */ = {isa = PBXFileReference; explicitFileType = wrapper.framework; includeInIndex = 0; path = Pods_LiveStreamTests.framework; sourceTree = BUILT_PRODUCTS_DIR; };
		3C23A461C208058E5A503F92 /* Pods-LiveStreamUITests.debug.xcconfig */ = {isa = PBXFileReference; includeInIndex = 1; lastKnownFileType = text.xcconfig; name = "Pods-LiveStreamUITests.debug.xcconfig"; path = "Pods/Target Support Files/Pods-LiveStreamUITests/Pods-LiveStreamUITests.debug.xcconfig"; sourceTree = "<group>"; };
		5B801C5F33D5FA6736B0BA26 /* Pods-LiveStream.debug.xcconfig */ = {isa = PBXFileReference; includeInIndex = 1; lastKnownFileType = text.xcconfig; name = "Pods-LiveStream.debug.xcconfig"; path = "Pods/Target Support Files/Pods-LiveStream/Pods-LiveStream.debug.xcconfig"; sourceTree = "<group>"; };
		8E8A25571CDE249D831BE232 /* Pods_LiveStream.framework */ = {isa = PBXFileReference; explicitFileType = wrapper.framework; includeInIndex = 0; path = Pods_LiveStream.framework; sourceTree = BUILT_PRODUCTS_DIR; };
		BE112E411EB69FC000861BAE /* RegisterViewController.swift */ = {isa = PBXFileReference; fileEncoding = 4; lastKnownFileType = sourcecode.swift; path = RegisterViewController.swift; sourceTree = "<group>"; };
		BE112E431EB6A1D800861BAE /* GoogleService-Info.plist */ = {isa = PBXFileReference; fileEncoding = 4; lastKnownFileType = text.plist.xml; path = "GoogleService-Info.plist"; sourceTree = "<group>"; };
		BE2569541EC2C0F400A05C17 /* PlayViewController.swift */ = {isa = PBXFileReference; fileEncoding = 4; lastKnownFileType = sourcecode.swift; path = PlayViewController.swift; sourceTree = "<group>"; };
		BE6653AB1EB6AC7E00C78E0C /* LoginViewController.swift */ = {isa = PBXFileReference; fileEncoding = 4; lastKnownFileType = sourcecode.swift; path = LoginViewController.swift; sourceTree = "<group>"; };
		BE6653AD1EB6AD6900C78E0C /* ForgotPasswordViewController.swift */ = {isa = PBXFileReference; fileEncoding = 4; lastKnownFileType = sourcecode.swift; path = ForgotPasswordViewController.swift; sourceTree = "<group>"; };
		BE6653B11EB6CE4500C78E0C /* MyriadPro-Semibold.otf */ = {isa = PBXFileReference; lastKnownFileType = file; path = "MyriadPro-Semibold.otf"; sourceTree = "<group>"; };
		BE6653B51EB6EC0200C78E0C /* MenuTableViewController.swift */ = {isa = PBXFileReference; fileEncoding = 4; lastKnownFileType = sourcecode.swift; path = MenuTableViewController.swift; sourceTree = "<group>"; };
		BE6653B81EB6EC5F00C78E0C /* SWRevealViewController.h */ = {isa = PBXFileReference; fileEncoding = 4; lastKnownFileType = sourcecode.c.h; path = SWRevealViewController.h; sourceTree = "<group>"; };
		BE6653B91EB6EC5F00C78E0C /* SWRevealViewController.m */ = {isa = PBXFileReference; fileEncoding = 4; lastKnownFileType = sourcecode.c.objc; path = SWRevealViewController.m; sourceTree = "<group>"; };
		BE6653BC1EB6EE5300C78E0C /* WatchViewController.swift */ = {isa = PBXFileReference; fileEncoding = 4; lastKnownFileType = sourcecode.swift; path = WatchViewController.swift; sourceTree = "<group>"; };
		BE6653C01EB77C7A00C78E0C /* ProfileCell.swift */ = {isa = PBXFileReference; fileEncoding = 4; lastKnownFileType = sourcecode.swift; path = ProfileCell.swift; sourceTree = "<group>"; };
		BE6653C21EB7A76300C78E0C /* LogoutTableViewCell.swift */ = {isa = PBXFileReference; fileEncoding = 4; lastKnownFileType = sourcecode.swift; path = LogoutTableViewCell.swift; sourceTree = "<group>"; };
		BE6653C41EB7D9C300C78E0C /* AccountViewController.swift */ = {isa = PBXFileReference; fileEncoding = 4; lastKnownFileType = sourcecode.swift; path = AccountViewController.swift; sourceTree = "<group>"; };
		BF4234B982348E08C25DB4CD /* Pods-LiveStreamTests.release.xcconfig */ = {isa = PBXFileReference; includeInIndex = 1; lastKnownFileType = text.xcconfig; name = "Pods-LiveStreamTests.release.xcconfig"; path = "Pods/Target Support Files/Pods-LiveStreamTests/Pods-LiveStreamTests.release.xcconfig"; sourceTree = "<group>"; };
		DFC432E1F34DCFA301BB6297 /* Pods-LiveStreamUITests.release.xcconfig */ = {isa = PBXFileReference; includeInIndex = 1; lastKnownFileType = text.xcconfig; name = "Pods-LiveStreamUITests.release.xcconfig"; path = "Pods/Target Support Files/Pods-LiveStreamUITests/Pods-LiveStreamUITests.release.xcconfig"; sourceTree = "<group>"; };
		E342CA64451DF8926F73B038 /* Pods_LiveStreamUITests.framework */ = {isa = PBXFileReference; explicitFileType = wrapper.framework; includeInIndex = 0; path = Pods_LiveStreamUITests.framework; sourceTree = BUILT_PRODUCTS_DIR; };
		E65D3F5C63D46AA9C682717C /* Pods-LiveStream.release.xcconfig */ = {isa = PBXFileReference; includeInIndex = 1; lastKnownFileType = text.xcconfig; name = "Pods-LiveStream.release.xcconfig"; path = "Pods/Target Support Files/Pods-LiveStream/Pods-LiveStream.release.xcconfig"; sourceTree = "<group>"; };
/* End PBXFileReference section */

/* Begin PBXFrameworksBuildPhase section */
		02F7F9771EA5900A00BC82FA /* Frameworks */ = {
			isa = PBXFrameworksBuildPhase;
			buildActionMask = 2147483647;
			files = (
				02F7F9C91EA5912B00BC82FA /* VideoToolbox.framework in Frameworks */,
				02F7F9C71EA5912300BC82FA /* UIKit.framework in Frameworks */,
				02F7F9D51EA5919600BC82FA /* libbambuserplayer.a in Frameworks */,
				02F7F9C51EA5911A00BC82FA /* SystemConfiguration.framework in Frameworks */,
				02F7F9C31EA5911100BC82FA /* QuartzCore.framework in Frameworks */,
				02F7F9C11EA5910600BC82FA /* Foundation.framework in Frameworks */,
				02F7F9BF1EA590FE00BC82FA /* CoreVideo.framework in Frameworks */,
				02F7F9BD1EA590F600BC82FA /* CoreMedia.framework in Frameworks */,
				02F7F9BB1EA590EE00BC82FA /* CoreLocation.framework in Frameworks */,
				02F7F9B91EA590E600BC82FA /* CoreGraphics.framework in Frameworks */,
				02F7F9B71EA590DB00BC82FA /* AVFoundation.framework in Frameworks */,
				02F7F9B51EA590D300BC82FA /* AudioToolbox.framework in Frameworks */,
				02F7F9B31EA590C900BC82FA /* libc++.tbd in Frameworks */,
				02F7F9D41EA5919600BC82FA /* libbambuser.a in Frameworks */,
				02F7F9B11EA590BB00BC82FA /* libz.tbd in Frameworks */,
				A9EA0E07FCB242F278B5D255 /* Pods_LiveStream.framework in Frameworks */,
			);
			runOnlyForDeploymentPostprocessing = 0;
		};
		02F7F98B1EA5900A00BC82FA /* Frameworks */ = {
			isa = PBXFrameworksBuildPhase;
			buildActionMask = 2147483647;
			files = (
				24707E734FE01DDEF1DEBF22 /* Pods_LiveStreamTests.framework in Frameworks */,
			);
			runOnlyForDeploymentPostprocessing = 0;
		};
		02F7F9961EA5900A00BC82FA /* Frameworks */ = {
			isa = PBXFrameworksBuildPhase;
			buildActionMask = 2147483647;
			files = (
				7EA7128D46BEDBA1C3D5D28A /* Pods_LiveStreamUITests.framework in Frameworks */,
			);
			runOnlyForDeploymentPostprocessing = 0;
		};
/* End PBXFrameworksBuildPhase section */

/* Begin PBXGroup section */
		02F7F9711EA5900A00BC82FA = {
			isa = PBXGroup;
			children = (
				02F7F97C1EA5900A00BC82FA /* LiveStream */,
				02F7F9911EA5900A00BC82FA /* LiveStreamTests */,
				02F7F99C1EA5900A00BC82FA /* LiveStreamUITests */,
				02F7F97B1EA5900A00BC82FA /* Products */,
				02F7F9AF1EA590BB00BC82FA /* Frameworks */,
				D355C9496EBA3EBCCD0AA9BD /* Pods */,
			);
			sourceTree = "<group>";
		};
		02F7F97B1EA5900A00BC82FA /* Products */ = {
			isa = PBXGroup;
			children = (
				02F7F97A1EA5900A00BC82FA /* LiveStream.app */,
				02F7F98E1EA5900A00BC82FA /* LiveStreamTests.xctest */,
				02F7F9991EA5900A00BC82FA /* LiveStreamUITests.xctest */,
			);
			name = Products;
			sourceTree = "<group>";
		};
		02F7F97C1EA5900A00BC82FA /* LiveStream */ = {
			isa = PBXGroup;
			children = (
				02F7F97D1EA5900A00BC82FA /* AppDelegate.swift */,
				02F7F97F1EA5900A00BC82FA /* ViewController.swift */,
				02F7F9811EA5900A00BC82FA /* Main.storyboard */,
				BE6653AD1EB6AD6900C78E0C /* ForgotPasswordViewController.swift */,
				0273BD281EB686E2006673DF /* Livestream-Bridging-Header.h */,
				0273BD261EB6789F006673DF /* StartViewController.swift */,
				BE112E431EB6A1D800861BAE /* GoogleService-Info.plist */,
				BE6653BC1EB6EE5300C78E0C /* WatchViewController.swift */,
				BE6653C41EB7D9C300C78E0C /* AccountViewController.swift */,
				BE2569541EC2C0F400A05C17 /* PlayViewController.swift */,
				BE6653C01EB77C7A00C78E0C /* ProfileCell.swift */,
				BE6653C21EB7A76300C78E0C /* LogoutTableViewCell.swift */,
				BE6653B51EB6EC0200C78E0C /* MenuTableViewController.swift */,
				BE6653B71EB6EC4B00C78E0C /* SWRevealViewController */,
				BE112E411EB69FC000861BAE /* RegisterViewController.swift */,
				BE6653AB1EB6AC7E00C78E0C /* LoginViewController.swift */,
				02F7F9841EA5900A00BC82FA /* Assets.xcassets */,
				02F7F9861EA5900A00BC82FA /* LaunchScreen.storyboard */,
				02F7F9891EA5900A00BC82FA /* Info.plist */,
				BE6653B11EB6CE4500C78E0C /* MyriadPro-Semibold.otf */,
			);
			path = LiveStream;
			sourceTree = "<group>";
		};
		02F7F9911EA5900A00BC82FA /* LiveStreamTests */ = {
			isa = PBXGroup;
			children = (
				02F7F9921EA5900A00BC82FA /* LiveStreamTests.swift */,
				02F7F9941EA5900A00BC82FA /* Info.plist */,
			);
			path = LiveStreamTests;
			sourceTree = "<group>";
		};
		02F7F99C1EA5900A00BC82FA /* LiveStreamUITests */ = {
			isa = PBXGroup;
			children = (
				02F7F99D1EA5900A00BC82FA /* LiveStreamUITests.swift */,
				02F7F99F1EA5900A00BC82FA /* Info.plist */,
			);
			path = LiveStreamUITests;
			sourceTree = "<group>";
		};
		02F7F9AF1EA590BB00BC82FA /* Frameworks */ = {
			isa = PBXGroup;
			children = (
				02F7F9CA1EA5919600BC82FA /* Streaming Library */,
				02F7F9C81EA5912B00BC82FA /* VideoToolbox.framework */,
				02F7F9C61EA5912300BC82FA /* UIKit.framework */,
				02F7F9C41EA5911A00BC82FA /* SystemConfiguration.framework */,
				02F7F9C21EA5911100BC82FA /* QuartzCore.framework */,
				02F7F9C01EA5910600BC82FA /* Foundation.framework */,
				02F7F9BE1EA590FE00BC82FA /* CoreVideo.framework */,
				02F7F9BC1EA590F600BC82FA /* CoreMedia.framework */,
				02F7F9BA1EA590EE00BC82FA /* CoreLocation.framework */,
				02F7F9B81EA590E600BC82FA /* CoreGraphics.framework */,
				02F7F9B61EA590DB00BC82FA /* AVFoundation.framework */,
				02F7F9B41EA590D300BC82FA /* AudioToolbox.framework */,
				02F7F9B21EA590C900BC82FA /* libc++.tbd */,
				02F7F9B01EA590BB00BC82FA /* libz.tbd */,
				8E8A25571CDE249D831BE232 /* Pods_LiveStream.framework */,
				1CF7076600013243F1BD6EA6 /* Pods_LiveStreamTests.framework */,
				E342CA64451DF8926F73B038 /* Pods_LiveStreamUITests.framework */,
			);
			name = Frameworks;
			sourceTree = "<group>";
		};
		02F7F9CA1EA5919600BC82FA /* Streaming Library */ = {
			isa = PBXGroup;
			children = (
				02F7F9CB1EA5919600BC82FA /* include */,
				02F7F9D11EA5919600BC82FA /* lib */,
			);
			name = "Streaming Library";
			path = prebuilt;
			sourceTree = "<group>";
		};
		02F7F9CB1EA5919600BC82FA /* include */ = {
			isa = PBXGroup;
			children = (
				02F7F9CC1EA5919600BC82FA /* BambuserConstants.h */,
				02F7F9CD1EA5919600BC82FA /* BambuserViewDelegate.h */,
				02F7F9CE1EA5919600BC82FA /* libbambuser.h */,
				02F7F9CF1EA5919600BC82FA /* libbambuserplayer-constants.h */,
				02F7F9D01EA5919600BC82FA /* libbambuserplayer.h */,
			);
			path = include;
			sourceTree = "<group>";
		};
		02F7F9D11EA5919600BC82FA /* lib */ = {
			isa = PBXGroup;
			children = (
				02F7F9D21EA5919600BC82FA /* libbambuser.a */,
				02F7F9D31EA5919600BC82FA /* libbambuserplayer.a */,
			);
			path = lib;
			sourceTree = "<group>";
		};
		BE6653B71EB6EC4B00C78E0C /* SWRevealViewController */ = {
			isa = PBXGroup;
			children = (
				BE6653B81EB6EC5F00C78E0C /* SWRevealViewController.h */,
				BE6653B91EB6EC5F00C78E0C /* SWRevealViewController.m */,
			);
			name = SWRevealViewController;
			sourceTree = "<group>";
		};
		D355C9496EBA3EBCCD0AA9BD /* Pods */ = {
			isa = PBXGroup;
			children = (
				5B801C5F33D5FA6736B0BA26 /* Pods-LiveStream.debug.xcconfig */,
				E65D3F5C63D46AA9C682717C /* Pods-LiveStream.release.xcconfig */,
				124885A103775338991497A1 /* Pods-LiveStreamTests.debug.xcconfig */,
				BF4234B982348E08C25DB4CD /* Pods-LiveStreamTests.release.xcconfig */,
				3C23A461C208058E5A503F92 /* Pods-LiveStreamUITests.debug.xcconfig */,
				DFC432E1F34DCFA301BB6297 /* Pods-LiveStreamUITests.release.xcconfig */,
			);
			name = Pods;
			sourceTree = "<group>";
		};
/* End PBXGroup section */

/* Begin PBXNativeTarget section */
		02F7F9791EA5900A00BC82FA /* LiveStream */ = {
			isa = PBXNativeTarget;
			buildConfigurationList = 02F7F9A21EA5900A00BC82FA /* Build configuration list for PBXNativeTarget "LiveStream" */;
			buildPhases = (
				2CC51A57BAC525C7F9F392BA /* [CP] Check Pods Manifest.lock */,
				02F7F9761EA5900A00BC82FA /* Sources */,
				02F7F9771EA5900A00BC82FA /* Frameworks */,
				02F7F9781EA5900A00BC82FA /* Resources */,
				A8EA66AB9338616E66432828 /* [CP] Embed Pods Frameworks */,
				46D340FF6B557F2D8A13F189 /* [CP] Copy Pods Resources */,
			);
			buildRules = (
			);
			dependencies = (
			);
			name = LiveStream;
			productName = LiveStream;
			productReference = 02F7F97A1EA5900A00BC82FA /* LiveStream.app */;
			productType = "com.apple.product-type.application";
		};
		02F7F98D1EA5900A00BC82FA /* LiveStreamTests */ = {
			isa = PBXNativeTarget;
			buildConfigurationList = 02F7F9A51EA5900A00BC82FA /* Build configuration list for PBXNativeTarget "LiveStreamTests" */;
			buildPhases = (
				E67B9436C441BC2C3E4EB4C8 /* [CP] Check Pods Manifest.lock */,
				02F7F98A1EA5900A00BC82FA /* Sources */,
				02F7F98B1EA5900A00BC82FA /* Frameworks */,
				02F7F98C1EA5900A00BC82FA /* Resources */,
				068E0D02B3F51E8B56CE7711 /* [CP] Embed Pods Frameworks */,
				F5F611B7A03507480950E75B /* [CP] Copy Pods Resources */,
			);
			buildRules = (
			);
			dependencies = (
				02F7F9901EA5900A00BC82FA /* PBXTargetDependency */,
			);
			name = LiveStreamTests;
			productName = LiveStreamTests;
			productReference = 02F7F98E1EA5900A00BC82FA /* LiveStreamTests.xctest */;
			productType = "com.apple.product-type.bundle.unit-test";
		};
		02F7F9981EA5900A00BC82FA /* LiveStreamUITests */ = {
			isa = PBXNativeTarget;
			buildConfigurationList = 02F7F9A81EA5900A00BC82FA /* Build configuration list for PBXNativeTarget "LiveStreamUITests" */;
			buildPhases = (
				52ECB8774CF329E3FD418B9C /* [CP] Check Pods Manifest.lock */,
				02F7F9951EA5900A00BC82FA /* Sources */,
				02F7F9961EA5900A00BC82FA /* Frameworks */,
				02F7F9971EA5900A00BC82FA /* Resources */,
				71504B237FD9BB06048DF9F4 /* [CP] Embed Pods Frameworks */,
				E6B40FB45A72E59B0169ACA1 /* [CP] Copy Pods Resources */,
			);
			buildRules = (
			);
			dependencies = (
				02F7F99B1EA5900A00BC82FA /* PBXTargetDependency */,
			);
			name = LiveStreamUITests;
			productName = LiveStreamUITests;
			productReference = 02F7F9991EA5900A00BC82FA /* LiveStreamUITests.xctest */;
			productType = "com.apple.product-type.bundle.ui-testing";
		};
/* End PBXNativeTarget section */

/* Begin PBXProject section */
		02F7F9721EA5900A00BC82FA /* Project object */ = {
			isa = PBXProject;
			attributes = {
				LastSwiftUpdateCheck = 0830;
				LastUpgradeCheck = 0830;
				ORGANIZATIONNAME = com.continuum;
				TargetAttributes = {
					02F7F9791EA5900A00BC82FA = {
						CreatedOnToolsVersion = 8.3.1;
						DevelopmentTeam = DM3M489WTV;
						LastSwiftMigration = 0830;
						ProvisioningStyle = Automatic;
					};
					02F7F98D1EA5900A00BC82FA = {
						CreatedOnToolsVersion = 8.3.1;
						DevelopmentTeam = W35MS6V79Y;
						ProvisioningStyle = Automatic;
						TestTargetID = 02F7F9791EA5900A00BC82FA;
					};
					02F7F9981EA5900A00BC82FA = {
						CreatedOnToolsVersion = 8.3.1;
						DevelopmentTeam = W35MS6V79Y;
						ProvisioningStyle = Automatic;
						TestTargetID = 02F7F9791EA5900A00BC82FA;
					};
				};
			};
			buildConfigurationList = 02F7F9751EA5900A00BC82FA /* Build configuration list for PBXProject "LiveStream" */;
			compatibilityVersion = "Xcode 3.2";
			developmentRegion = English;
			hasScannedForEncodings = 0;
			knownRegions = (
				en,
				Base,
			);
			mainGroup = 02F7F9711EA5900A00BC82FA;
			productRefGroup = 02F7F97B1EA5900A00BC82FA /* Products */;
			projectDirPath = "";
			projectRoot = "";
			targets = (
				02F7F9791EA5900A00BC82FA /* LiveStream */,
				02F7F98D1EA5900A00BC82FA /* LiveStreamTests */,
				02F7F9981EA5900A00BC82FA /* LiveStreamUITests */,
			);
		};
/* End PBXProject section */

/* Begin PBXResourcesBuildPhase section */
		02F7F9781EA5900A00BC82FA /* Resources */ = {
			isa = PBXResourcesBuildPhase;
			buildActionMask = 2147483647;
			files = (
				02F7F9881EA5900A00BC82FA /* LaunchScreen.storyboard in Resources */,
				BE112E441EB6A1D800861BAE /* GoogleService-Info.plist in Resources */,
				BE6653B21EB6CE4500C78E0C /* MyriadPro-Semibold.otf in Resources */,
				02F7F9851EA5900A00BC82FA /* Assets.xcassets in Resources */,
				02F7F9831EA5900A00BC82FA /* Main.storyboard in Resources */,
			);
			runOnlyForDeploymentPostprocessing = 0;
		};
		02F7F98C1EA5900A00BC82FA /* Resources */ = {
			isa = PBXResourcesBuildPhase;
			buildActionMask = 2147483647;
			files = (
				BE112E451EB6A1D800861BAE /* GoogleService-Info.plist in Resources */,
			);
			runOnlyForDeploymentPostprocessing = 0;
		};
		02F7F9971EA5900A00BC82FA /* Resources */ = {
			isa = PBXResourcesBuildPhase;
			buildActionMask = 2147483647;
			files = (
				BE112E461EB6A1D800861BAE /* GoogleService-Info.plist in Resources */,
			);
			runOnlyForDeploymentPostprocessing = 0;
		};
/* End PBXResourcesBuildPhase section */

/* Begin PBXShellScriptBuildPhase section */
		068E0D02B3F51E8B56CE7711 /* [CP] Embed Pods Frameworks */ = {
			isa = PBXShellScriptBuildPhase;
			buildActionMask = 2147483647;
			files = (
			);
			inputPaths = (
			);
			name = "[CP] Embed Pods Frameworks";
			outputPaths = (
			);
			runOnlyForDeploymentPostprocessing = 0;
			shellPath = /bin/sh;
			shellScript = "\"${SRCROOT}/Pods/Target Support Files/Pods-LiveStreamTests/Pods-LiveStreamTests-frameworks.sh\"\n";
			showEnvVarsInLog = 0;
		};
		2CC51A57BAC525C7F9F392BA /* [CP] Check Pods Manifest.lock */ = {
			isa = PBXShellScriptBuildPhase;
			buildActionMask = 2147483647;
			files = (
			);
			inputPaths = (
			);
			name = "[CP] Check Pods Manifest.lock";
			outputPaths = (
			);
			runOnlyForDeploymentPostprocessing = 0;
			shellPath = /bin/sh;
			shellScript = "diff \"${PODS_ROOT}/../Podfile.lock\" \"${PODS_ROOT}/Manifest.lock\" > /dev/null\nif [ $? != 0 ] ; then\n    # print error to STDERR\n    echo \"error: The sandbox is not in sync with the Podfile.lock. Run 'pod install' or update your CocoaPods installation.\" >&2\n    exit 1\nfi\n";
			showEnvVarsInLog = 0;
		};
		46D340FF6B557F2D8A13F189 /* [CP] Copy Pods Resources */ = {
			isa = PBXShellScriptBuildPhase;
			buildActionMask = 2147483647;
			files = (
			);
			inputPaths = (
			);
			name = "[CP] Copy Pods Resources";
			outputPaths = (
			);
			runOnlyForDeploymentPostprocessing = 0;
			shellPath = /bin/sh;
			shellScript = "\"${SRCROOT}/Pods/Target Support Files/Pods-LiveStream/Pods-LiveStream-resources.sh\"\n";
			showEnvVarsInLog = 0;
		};
		52ECB8774CF329E3FD418B9C /* [CP] Check Pods Manifest.lock */ = {
			isa = PBXShellScriptBuildPhase;
			buildActionMask = 2147483647;
			files = (
			);
			inputPaths = (
			);
			name = "[CP] Check Pods Manifest.lock";
			outputPaths = (
			);
			runOnlyForDeploymentPostprocessing = 0;
			shellPath = /bin/sh;
			shellScript = "diff \"${PODS_ROOT}/../Podfile.lock\" \"${PODS_ROOT}/Manifest.lock\" > /dev/null\nif [ $? != 0 ] ; then\n    # print error to STDERR\n    echo \"error: The sandbox is not in sync with the Podfile.lock. Run 'pod install' or update your CocoaPods installation.\" >&2\n    exit 1\nfi\n";
			showEnvVarsInLog = 0;
		};
		71504B237FD9BB06048DF9F4 /* [CP] Embed Pods Frameworks */ = {
			isa = PBXShellScriptBuildPhase;
			buildActionMask = 2147483647;
			files = (
			);
			inputPaths = (
			);
			name = "[CP] Embed Pods Frameworks";
			outputPaths = (
			);
			runOnlyForDeploymentPostprocessing = 0;
			shellPath = /bin/sh;
			shellScript = "\"${SRCROOT}/Pods/Target Support Files/Pods-LiveStreamUITests/Pods-LiveStreamUITests-frameworks.sh\"\n";
			showEnvVarsInLog = 0;
		};
		A8EA66AB9338616E66432828 /* [CP] Embed Pods Frameworks */ = {
			isa = PBXShellScriptBuildPhase;
			buildActionMask = 2147483647;
			files = (
			);
			inputPaths = (
			);
			name = "[CP] Embed Pods Frameworks";
			outputPaths = (
			);
			runOnlyForDeploymentPostprocessing = 0;
			shellPath = /bin/sh;
			shellScript = "\"${SRCROOT}/Pods/Target Support Files/Pods-LiveStream/Pods-LiveStream-frameworks.sh\"\n";
			showEnvVarsInLog = 0;
		};
		E67B9436C441BC2C3E4EB4C8 /* [CP] Check Pods Manifest.lock */ = {
			isa = PBXShellScriptBuildPhase;
			buildActionMask = 2147483647;
			files = (
			);
			inputPaths = (
			);
			name = "[CP] Check Pods Manifest.lock";
			outputPaths = (
			);
			runOnlyForDeploymentPostprocessing = 0;
			shellPath = /bin/sh;
			shellScript = "diff \"${PODS_ROOT}/../Podfile.lock\" \"${PODS_ROOT}/Manifest.lock\" > /dev/null\nif [ $? != 0 ] ; then\n    # print error to STDERR\n    echo \"error: The sandbox is not in sync with the Podfile.lock. Run 'pod install' or update your CocoaPods installation.\" >&2\n    exit 1\nfi\n";
			showEnvVarsInLog = 0;
		};
		E6B40FB45A72E59B0169ACA1 /* [CP] Copy Pods Resources */ = {
			isa = PBXShellScriptBuildPhase;
			buildActionMask = 2147483647;
			files = (
			);
			inputPaths = (
			);
			name = "[CP] Copy Pods Resources";
			outputPaths = (
			);
			runOnlyForDeploymentPostprocessing = 0;
			shellPath = /bin/sh;
			shellScript = "\"${SRCROOT}/Pods/Target Support Files/Pods-LiveStreamUITests/Pods-LiveStreamUITests-resources.sh\"\n";
			showEnvVarsInLog = 0;
		};
		F5F611B7A03507480950E75B /* [CP] Copy Pods Resources */ = {
			isa = PBXShellScriptBuildPhase;
			buildActionMask = 2147483647;
			files = (
			);
			inputPaths = (
			);
			name = "[CP] Copy Pods Resources";
			outputPaths = (
			);
			runOnlyForDeploymentPostprocessing = 0;
			shellPath = /bin/sh;
			shellScript = "\"${SRCROOT}/Pods/Target Support Files/Pods-LiveStreamTests/Pods-LiveStreamTests-resources.sh\"\n";
			showEnvVarsInLog = 0;
		};
/* End PBXShellScriptBuildPhase section */

/* Begin PBXSourcesBuildPhase section */
		02F7F9761EA5900A00BC82FA /* Sources */ = {
			isa = PBXSourcesBuildPhase;
			buildActionMask = 2147483647;
			files = (
				02F7F9801EA5900A00BC82FA /* ViewController.swift in Sources */,
				BE6653BD1EB6EE5300C78E0C /* WatchViewController.swift in Sources */,
				BE2569551EC2C0F400A05C17 /* PlayViewController.swift in Sources */,
				BE6653C51EB7D9C300C78E0C /* AccountViewController.swift in Sources */,
				BE6653C31EB7A76300C78E0C /* LogoutTableViewCell.swift in Sources */,
				0273BD271EB6789F006673DF /* StartViewController.swift in Sources */,
				BE6653AE1EB6AD6900C78E0C /* ForgotPasswordViewController.swift in Sources */,
				BE6653B61EB6EC0200C78E0C /* MenuTableViewController.swift in Sources */,
				BE6653BA1EB6EC5F00C78E0C /* SWRevealViewController.m in Sources */,
				02F7F97E1EA5900A00BC82FA /* AppDelegate.swift in Sources */,
				BE6653AC1EB6AC7E00C78E0C /* LoginViewController.swift in Sources */,
				BE112E421EB69FC000861BAE /* RegisterViewController.swift in Sources */,
				BE6653C11EB77C7B00C78E0C /* ProfileCell.swift in Sources */,
			);
			runOnlyForDeploymentPostprocessing = 0;
		};
		02F7F98A1EA5900A00BC82FA /* Sources */ = {
			isa = PBXSourcesBuildPhase;
			buildActionMask = 2147483647;
			files = (
				02F7F9931EA5900A00BC82FA /* LiveStreamTests.swift in Sources */,
			);
			runOnlyForDeploymentPostprocessing = 0;
		};
		02F7F9951EA5900A00BC82FA /* Sources */ = {
			isa = PBXSourcesBuildPhase;
			buildActionMask = 2147483647;
			files = (
				02F7F99E1EA5900A00BC82FA /* LiveStreamUITests.swift in Sources */,
			);
			runOnlyForDeploymentPostprocessing = 0;
		};
/* End PBXSourcesBuildPhase section */

/* Begin PBXTargetDependency section */
		02F7F9901EA5900A00BC82FA /* PBXTargetDependency */ = {
			isa = PBXTargetDependency;
			target = 02F7F9791EA5900A00BC82FA /* LiveStream */;
			targetProxy = 02F7F98F1EA5900A00BC82FA /* PBXContainerItemProxy */;
		};
		02F7F99B1EA5900A00BC82FA /* PBXTargetDependency */ = {
			isa = PBXTargetDependency;
			target = 02F7F9791EA5900A00BC82FA /* LiveStream */;
			targetProxy = 02F7F99A1EA5900A00BC82FA /* PBXContainerItemProxy */;
		};
/* End PBXTargetDependency section */

/* Begin PBXVariantGroup section */
		02F7F9811EA5900A00BC82FA /* Main.storyboard */ = {
			isa = PBXVariantGroup;
			children = (
				02F7F9821EA5900A00BC82FA /* Base */,
			);
			name = Main.storyboard;
			sourceTree = "<group>";
		};
		02F7F9861EA5900A00BC82FA /* LaunchScreen.storyboard */ = {
			isa = PBXVariantGroup;
			children = (
				02F7F9871EA5900A00BC82FA /* Base */,
			);
			name = LaunchScreen.storyboard;
			sourceTree = "<group>";
		};
/* End PBXVariantGroup section */

/* Begin XCBuildConfiguration section */
		02F7F9A01EA5900A00BC82FA /* Debug */ = {
			isa = XCBuildConfiguration;
			buildSettings = {
				ALWAYS_SEARCH_USER_PATHS = NO;
				CLANG_ANALYZER_NONNULL = YES;
				CLANG_ANALYZER_NUMBER_OBJECT_CONVERSION = YES_AGGRESSIVE;
				CLANG_CXX_LANGUAGE_STANDARD = "gnu++0x";
				CLANG_CXX_LIBRARY = "libc++";
				CLANG_ENABLE_MODULES = YES;
				CLANG_ENABLE_OBJC_ARC = YES;
				CLANG_WARN_BOOL_CONVERSION = YES;
				CLANG_WARN_CONSTANT_CONVERSION = YES;
				CLANG_WARN_DIRECT_OBJC_ISA_USAGE = YES_ERROR;
				CLANG_WARN_DOCUMENTATION_COMMENTS = YES;
				CLANG_WARN_EMPTY_BODY = YES;
				CLANG_WARN_ENUM_CONVERSION = YES;
				CLANG_WARN_INFINITE_RECURSION = YES;
				CLANG_WARN_INT_CONVERSION = YES;
				CLANG_WARN_OBJC_ROOT_CLASS = YES_ERROR;
				CLANG_WARN_SUSPICIOUS_MOVE = YES;
				CLANG_WARN_UNREACHABLE_CODE = YES;
				CLANG_WARN__DUPLICATE_METHOD_MATCH = YES;
				"CODE_SIGN_IDENTITY[sdk=iphoneos*]" = "iPhone Developer";
				COPY_PHASE_STRIP = NO;
				DEBUG_INFORMATION_FORMAT = dwarf;
				ENABLE_STRICT_OBJC_MSGSEND = YES;
				ENABLE_TESTABILITY = YES;
				GCC_C_LANGUAGE_STANDARD = gnu99;
				GCC_DYNAMIC_NO_PIC = NO;
				GCC_NO_COMMON_BLOCKS = YES;
				GCC_OPTIMIZATION_LEVEL = 0;
				GCC_PREPROCESSOR_DEFINITIONS = (
					"DEBUG=1",
					"$(inherited)",
				);
				GCC_WARN_64_TO_32_BIT_CONVERSION = YES;
				GCC_WARN_ABOUT_RETURN_TYPE = YES_ERROR;
				GCC_WARN_UNDECLARED_SELECTOR = YES;
				GCC_WARN_UNINITIALIZED_AUTOS = YES_AGGRESSIVE;
				GCC_WARN_UNUSED_FUNCTION = YES;
				GCC_WARN_UNUSED_VARIABLE = YES;
				IPHONEOS_DEPLOYMENT_TARGET = 10.1;
				MTL_ENABLE_DEBUG_INFO = YES;
				ONLY_ACTIVE_ARCH = YES;
				SDKROOT = iphoneos;
				SWIFT_ACTIVE_COMPILATION_CONDITIONS = DEBUG;
				SWIFT_OPTIMIZATION_LEVEL = "-Onone";
			};
			name = Debug;
		};
		02F7F9A11EA5900A00BC82FA /* Release */ = {
			isa = XCBuildConfiguration;
			buildSettings = {
				ALWAYS_SEARCH_USER_PATHS = NO;
				CLANG_ANALYZER_NONNULL = YES;
				CLANG_ANALYZER_NUMBER_OBJECT_CONVERSION = YES_AGGRESSIVE;
				CLANG_CXX_LANGUAGE_STANDARD = "gnu++0x";
				CLANG_CXX_LIBRARY = "libc++";
				CLANG_ENABLE_MODULES = YES;
				CLANG_ENABLE_OBJC_ARC = YES;
				CLANG_WARN_BOOL_CONVERSION = YES;
				CLANG_WARN_CONSTANT_CONVERSION = YES;
				CLANG_WARN_DIRECT_OBJC_ISA_USAGE = YES_ERROR;
				CLANG_WARN_DOCUMENTATION_COMMENTS = YES;
				CLANG_WARN_EMPTY_BODY = YES;
				CLANG_WARN_ENUM_CONVERSION = YES;
				CLANG_WARN_INFINITE_RECURSION = YES;
				CLANG_WARN_INT_CONVERSION = YES;
				CLANG_WARN_OBJC_ROOT_CLASS = YES_ERROR;
				CLANG_WARN_SUSPICIOUS_MOVE = YES;
				CLANG_WARN_UNREACHABLE_CODE = YES;
				CLANG_WARN__DUPLICATE_METHOD_MATCH = YES;
				"CODE_SIGN_IDENTITY[sdk=iphoneos*]" = "iPhone Developer";
				COPY_PHASE_STRIP = NO;
				DEBUG_INFORMATION_FORMAT = "dwarf-with-dsym";
				ENABLE_NS_ASSERTIONS = NO;
				ENABLE_STRICT_OBJC_MSGSEND = YES;
				GCC_C_LANGUAGE_STANDARD = gnu99;
				GCC_NO_COMMON_BLOCKS = YES;
				GCC_WARN_64_TO_32_BIT_CONVERSION = YES;
				GCC_WARN_ABOUT_RETURN_TYPE = YES_ERROR;
				GCC_WARN_UNDECLARED_SELECTOR = YES;
				GCC_WARN_UNINITIALIZED_AUTOS = YES_AGGRESSIVE;
				GCC_WARN_UNUSED_FUNCTION = YES;
				GCC_WARN_UNUSED_VARIABLE = YES;
				IPHONEOS_DEPLOYMENT_TARGET = 10.1;
				MTL_ENABLE_DEBUG_INFO = NO;
				SDKROOT = iphoneos;
				SWIFT_OPTIMIZATION_LEVEL = "-Owholemodule";
				VALIDATE_PRODUCT = YES;
			};
			name = Release;
		};
		02F7F9A31EA5900A00BC82FA /* Debug */ = {
			isa = XCBuildConfiguration;
			baseConfigurationReference = 5B801C5F33D5FA6736B0BA26 /* Pods-LiveStream.debug.xcconfig */;
			buildSettings = {
				ALWAYS_EMBED_SWIFT_STANDARD_LIBRARIES = YES;
				ASSETCATALOG_COMPILER_APPICON_NAME = AppIcon;
				CLANG_ENABLE_MODULES = YES;
				"CODE_SIGN_IDENTITY[sdk=iphoneos*]" = "iPhone Developer";
				DEVELOPMENT_TEAM = DM3M489WTV;
				EMBED_ASSET_PACKS_IN_PRODUCT_BUNDLE = YES;
				ENABLE_BITCODE = NO;
				INFOPLIST_FILE = LiveStream/Info.plist;
				IPHONEOS_DEPLOYMENT_TARGET = 10.1;
				LD_RUNPATH_SEARCH_PATHS = "$(inherited) @executable_path/Frameworks";
				LIBRARY_SEARCH_PATHS = (
					"$(inherited)",
					"$(PROJECT_DIR)/prebuilt/lib",
				);
				ONLY_ACTIVE_ARCH = YES;
				PRODUCT_BUNDLE_IDENTIFIER = com.Kirin.LiveStream;
				PRODUCT_NAME = "$(TARGET_NAME)";
				SWIFT_OBJC_BRIDGING_HEADER = "LiveStream/LiveStream-Bridging-Header.h";
				SWIFT_OPTIMIZATION_LEVEL = "-Onone";
				SWIFT_VERSION = 3.0;
			};
			name = Debug;
		};
		02F7F9A41EA5900A00BC82FA /* Release */ = {
			isa = XCBuildConfiguration;
			baseConfigurationReference = E65D3F5C63D46AA9C682717C /* Pods-LiveStream.release.xcconfig */;
			buildSettings = {
				ALWAYS_EMBED_SWIFT_STANDARD_LIBRARIES = YES;
				ASSETCATALOG_COMPILER_APPICON_NAME = AppIcon;
				CLANG_ENABLE_MODULES = YES;
				"CODE_SIGN_IDENTITY[sdk=iphoneos*]" = "iPhone Developer";
				DEVELOPMENT_TEAM = DM3M489WTV;
				EMBED_ASSET_PACKS_IN_PRODUCT_BUNDLE = YES;
				ENABLE_BITCODE = NO;
				INFOPLIST_FILE = LiveStream/Info.plist;
				IPHONEOS_DEPLOYMENT_TARGET = 10.1;
				LD_RUNPATH_SEARCH_PATHS = "$(inherited) @executable_path/Frameworks";
				LIBRARY_SEARCH_PATHS = (
					"$(inherited)",
					"$(PROJECT_DIR)/prebuilt/lib",
				);
				ONLY_ACTIVE_ARCH = YES;
				PRODUCT_BUNDLE_IDENTIFIER = com.Kirin.LiveStream;
				PRODUCT_NAME = "$(TARGET_NAME)";
				SWIFT_OBJC_BRIDGING_HEADER = "LiveStream/LiveStream-Bridging-Header.h";
				SWIFT_VERSION = 3.0;
			};
			name = Release;
		};
		02F7F9A61EA5900A00BC82FA /* Debug */ = {
			isa = XCBuildConfiguration;
			baseConfigurationReference = 124885A103775338991497A1 /* Pods-LiveStreamTests.debug.xcconfig */;
			buildSettings = {
				ALWAYS_EMBED_SWIFT_STANDARD_LIBRARIES = YES;
				BUNDLE_LOADER = "$(TEST_HOST)";
				DEVELOPMENT_TEAM = W35MS6V79Y;
				INFOPLIST_FILE = LiveStreamTests/Info.plist;
				LD_RUNPATH_SEARCH_PATHS = "$(inherited) @executable_path/Frameworks @loader_path/Frameworks";
				PRODUCT_BUNDLE_IDENTIFIER = com.Alec.LiveStreamTests;
				PRODUCT_NAME = "$(TARGET_NAME)";
				SWIFT_VERSION = 3.0;
				TEST_HOST = "$(BUILT_PRODUCTS_DIR)/LiveStream.app/LiveStream";
			};
			name = Debug;
		};
		02F7F9A71EA5900A00BC82FA /* Release */ = {
			isa = XCBuildConfiguration;
			baseConfigurationReference = BF4234B982348E08C25DB4CD /* Pods-LiveStreamTests.release.xcconfig */;
			buildSettings = {
				ALWAYS_EMBED_SWIFT_STANDARD_LIBRARIES = YES;
				BUNDLE_LOADER = "$(TEST_HOST)";
				DEVELOPMENT_TEAM = W35MS6V79Y;
				INFOPLIST_FILE = LiveStreamTests/Info.plist;
				LD_RUNPATH_SEARCH_PATHS = "$(inherited) @executable_path/Frameworks @loader_path/Frameworks";
				PRODUCT_BUNDLE_IDENTIFIER = com.Alec.LiveStreamTests;
				PRODUCT_NAME = "$(TARGET_NAME)";
				SWIFT_VERSION = 3.0;
				TEST_HOST = "$(BUILT_PRODUCTS_DIR)/LiveStream.app/LiveStream";
			};
			name = Release;
		};
		02F7F9A91EA5900A00BC82FA /* Debug */ = {
			isa = XCBuildConfiguration;
			baseConfigurationReference = 3C23A461C208058E5A503F92 /* Pods-LiveStreamUITests.debug.xcconfig */;
			buildSettings = {
				ALWAYS_EMBED_SWIFT_STANDARD_LIBRARIES = YES;
				DEVELOPMENT_TEAM = W35MS6V79Y;
				INFOPLIST_FILE = LiveStreamUITests/Info.plist;
				LD_RUNPATH_SEARCH_PATHS = "$(inherited) @executable_path/Frameworks @loader_path/Frameworks";
				PRODUCT_BUNDLE_IDENTIFIER = com.Alec.LiveStreamUITests;
				PRODUCT_NAME = "$(TARGET_NAME)";
				SWIFT_VERSION = 3.0;
				TEST_TARGET_NAME = LiveStream;
			};
			name = Debug;
		};
		02F7F9AA1EA5900A00BC82FA /* Release */ = {
			isa = XCBuildConfiguration;
			baseConfigurationReference = DFC432E1F34DCFA301BB6297 /* Pods-LiveStreamUITests.release.xcconfig */;
			buildSettings = {
				ALWAYS_EMBED_SWIFT_STANDARD_LIBRARIES = YES;
				DEVELOPMENT_TEAM = W35MS6V79Y;
				INFOPLIST_FILE = LiveStreamUITests/Info.plist;
				LD_RUNPATH_SEARCH_PATHS = "$(inherited) @executable_path/Frameworks @loader_path/Frameworks";
				PRODUCT_BUNDLE_IDENTIFIER = com.Alec.LiveStreamUITests;
				PRODUCT_NAME = "$(TARGET_NAME)";
				SWIFT_VERSION = 3.0;
				TEST_TARGET_NAME = LiveStream;
			};
			name = Release;
		};
/* End XCBuildConfiguration section */

/* Begin XCConfigurationList section */
		02F7F9751EA5900A00BC82FA /* Build configuration list for PBXProject "LiveStream" */ = {
			isa = XCConfigurationList;
			buildConfigurations = (
				02F7F9A01EA5900A00BC82FA /* Debug */,
				02F7F9A11EA5900A00BC82FA /* Release */,
			);
			defaultConfigurationIsVisible = 0;
			defaultConfigurationName = Release;
		};
		02F7F9A21EA5900A00BC82FA /* Build configuration list for PBXNativeTarget "LiveStream" */ = {
			isa = XCConfigurationList;
			buildConfigurations = (
				02F7F9A31EA5900A00BC82FA /* Debug */,
				02F7F9A41EA5900A00BC82FA /* Release */,
			);
			defaultConfigurationIsVisible = 0;
			defaultConfigurationName = Release;
		};
		02F7F9A51EA5900A00BC82FA /* Build configuration list for PBXNativeTarget "LiveStreamTests" */ = {
			isa = XCConfigurationList;
			buildConfigurations = (
				02F7F9A61EA5900A00BC82FA /* Debug */,
				02F7F9A71EA5900A00BC82FA /* Release */,
			);
			defaultConfigurationIsVisible = 0;
			defaultConfigurationName = Release;
		};
		02F7F9A81EA5900A00BC82FA /* Build configuration list for PBXNativeTarget "LiveStreamUITests" */ = {
			isa = XCConfigurationList;
			buildConfigurations = (
				02F7F9A91EA5900A00BC82FA /* Debug */,
				02F7F9AA1EA5900A00BC82FA /* Release */,
			);
			defaultConfigurationIsVisible = 0;
			defaultConfigurationName = Release;
		};
/* End XCConfigurationList section */
	};
	rootObject = 02F7F9721EA5900A00BC82FA /* Project object */;
}
